
Microsoft Visual Studio Solution File, Format Version 12.00
# Visual Studio Version 17
VisualStudioVersion = 17.4.33213.308
MinimumVisualStudioVersion = 10.0.40219.1
Project("{FAE04EC0-301F-11D3-BF4B-00C04F79EFBC}") = "BethanysPieShopHRM.App", "BethanysPieShopHRM.App\BethanysPieShopHRM.App.csproj", "{7A6AF21F-D41F-462C-8F05-37BA67A2FE42}"
EndProject
Project("{9A19103F-16F7-4668-BE54-9A1E7A4F7556}") = "BethanysPieShopHRM.Shared", "..\PluralSightBlazor\BethanysPieShopHRM.Shared\BethanysPieShopHRM.Shared.csproj", "{30F26DE9-09B3-4807-8D88-964924C2F7A7}"
EndProject
Global
	GlobalSection(SolutionConfigurationPlatforms) = preSolution
		Debug|Any CPU = Debug|Any CPU
		Release|Any CPU = Release|Any CPU
	EndGlobalSection
	GlobalSection(ProjectConfigurationPlatforms) = postSolution
		{7A6AF21F-D41F-462C-8F05-37BA67A2FE42}.Debug|Any CPU.ActiveCfg = Debug|Any CPU
		{7A6AF21F-D41F-462C-8F05-37BA67A2FE42}.Debug|Any CPU.Build.0 = Debug|Any CPU
		{7A6AF21F-D41F-462C-8F05-37BA67A2FE42}.Release|Any CPU.ActiveCfg = Release|Any CPU
		{7A6AF21F-D41F-462C-8F05-37BA67A2FE42}.Release|Any CPU.Build.0 = Release|Any CPU
		{30F26DE9-09B3-4807-8D88-964924C2F7A7}.Debug|Any CPU.ActiveCfg = Debug|Any CPU
		{30F26DE9-09B3-4807-8D88-964924C2F7A7}.Debug|Any CPU.Build.0 = Debug|Any CPU
		{30F26DE9-09B3-4807-8D88-964924C2F7A7}.Release|Any CPU.ActiveCfg = Release|Any CPU
		{30F26DE9-09B3-4807-8D88-964924C2F7A7}.Release|Any CPU.Build.0 = Release|Any CPU
	EndGlobalSection
	GlobalSection(SolutionProperties) = preSolution
		HideSolutionNode = FALSE
	EndGlobalSection
	GlobalSection(ExtensibilityGlobals) = postSolution
		SolutionGuid = {2A57E449-5328-4466-88AD-4BB06F0D83FA}
	EndGlobalSection
EndGlobal
